// !$*UTF8*$!
{
	archiveVersion = 1;
	classes = {
	};
	objectVersion = 77;
	objects = {

/* Begin PBXContainerItemProxy section */
		C599B3B32E23BF3D00697B2D /* PBXContainerItemProxy */ = {
			isa = PBXContainerItemProxy;
			containerPortal = C599B3992E23BF3900697B2D /* Project object */;
			proxyType = 1;
			remoteGlobalIDString = C599B3A02E23BF3900697B2D;
			remoteInfo = CinemaLog;
		};
		C599B3BD2E23BF3D00697B2D /* PBXContainerItemProxy */ = {
			isa = PBXContainerItemProxy;
			containerPortal = C599B3992E23BF3900697B2D /* Project object */;
			proxyType = 1;
			remoteGlobalIDString = C599B3A02E23BF3900697B2D;
			remoteInfo = CinemaLog;
		};
/* End PBXContainerItemProxy section */

/* Begin PBXFileReference section */
		C599B3A12E23BF3900697B2D /* CinemaLog.app */ = {isa = PBXFileReference; explicitFileType = wrapper.application; includeInIndex = 0; path = CinemaLog.app; sourceTree = BUILT_PRODUCTS_DIR; };
		C599B3B22E23BF3D00697B2D /* CinemaLogTests.xctest */ = {isa = PBXFileReference; explicitFileType = wrapper.cfbundle; includeInIndex = 0; path = CinemaLogTests.xctest; sourceTree = BUILT_PRODUCTS_DIR; };
		C599B3BC2E23BF3D00697B2D /* CinemaLogUITests.xctest */ = {isa = PBXFileReference; explicitFileType = wrapper.cfbundle; includeInIndex = 0; path = CinemaLogUITests.xctest; sourceTree = BUILT_PRODUCTS_DIR; };
/* End PBXFileReference section */

/* Begin PBXFileSystemSynchronizedBuildFileExceptionSet section */
		C599B3C42E23BF3D00697B2D /* Exceptions for "CinemaLog" folder in "CinemaLog" target */ = {
			isa = PBXFileSystemSynchronizedBuildFileExceptionSet;
			membershipExceptions = (
				Info.plist,
			);
			target = C599B3A02E23BF3900697B2D /* CinemaLog */;
		};
/* End PBXFileSystemSynchronizedBuildFileExceptionSet section */

/* Begin PBXFileSystemSynchronizedRootGroup section */
		C599B3A32E23BF3900697B2D /* CinemaLog */ = {
			isa = PBXFileSystemSynchronizedRootGroup;
			exceptions = (
				C599B3C42E23BF3D00697B2D /* Exceptions for "CinemaLog" folder in "CinemaLog" target */,
			);
			path = CinemaLog;
			sourceTree = "<group>";
		};
		C599B3B52E23BF3D00697B2D /* CinemaLogTests */ = {
			isa = PBXFileSystemSynchronizedRootGroup;
			path = CinemaLogTests;
			sourceTree = "<group>";
		};
		C599B3BF2E23BF3D00697B2D /* CinemaLogUITests */ = {
			isa = PBXFileSystemSynchronizedRootGroup;
			path = CinemaLogUITests;
			sourceTree = "<group>";
		};
/* End PBXFileSystemSynchronizedRootGroup section */

/* Begin PBXFrameworksBuildPhase section */
		C599B39E2E23BF3900697B2D /* Frameworks */ = {
			isa = PBXFrameworksBuildPhase;
			buildActionMask = 2147483647;
			files = (
			);
			runOnlyForDeploymentPostprocessing = 0;
		};
		C599B3AF2E23BF3D00697B2D /* Frameworks */ = {
			isa = PBXFrameworksBuildPhase;
			buildActionMask = 2147483647;
			files = (
			);
			runOnlyForDeploymentPostprocessing = 0;
		};
		C599B3B92E23BF3D00697B2D /* Frameworks */ = {
			isa = PBXFrameworksBuildPhase;
			buildActionMask = 2147483647;
			files = (
			);
			runOnlyForDeploymentPostprocessing = 0;
		};
/* End PBXFrameworksBuildPhase section */

/* Begin PBXGroup section */
		C599B3982E23BF3900697B2D = {
			isa = PBXGroup;
			children = (
				C599B3A32E23BF3900697B2D /* CinemaLog */,
				C599B3B52E23BF3D00697B2D /* CinemaLogTests */,
				C599B3BF2E23BF3D00697B2D /* CinemaLogUITests */,
				C599B3A22E23BF3900697B2D /* Products */,
			);
			sourceTree = "<group>";
		};
		C599B3A22E23BF3900697B2D /* Products */ = {
			isa = PBXGroup;
			children = (
				C599B3A12E23BF3900697B2D /* CinemaLog.app */,
				C599B3B22E23BF3D00697B2D /* CinemaLogTests.xctest */,
				C599B3BC2E23BF3D00697B2D /* CinemaLogUITests.xctest */,
			);
			name = Products;
			sourceTree = "<group>";
		};
/* End PBXGroup section */

/* Begin PBXNativeTarget section */
		C599B3A02E23BF3900697B2D /* CinemaLog */ = {
			isa = PBXNativeTarget;
			buildConfigurationList = C599B3C52E23BF3D00697B2D /* Build configuration list for PBXNativeTarget "CinemaLog" */;
			buildPhases = (
				C599B39D2E23BF3900697B2D /* Sources */,
				C599B39E2E23BF3900697B2D /* Frameworks */,
				C599B39F2E23BF3900697B2D /* Resources */,
			);
			buildRules = (
			);
			dependencies = (
			);
			fileSystemSynchronizedGroups = (
				C599B3A32E23BF3900697B2D /* CinemaLog */,
			);
			name = CinemaLog;
			packageProductDependencies = (
			);
			productName = CinemaLog;
			productReference = C599B3A12E23BF3900697B2D /* CinemaLog.app */;
			productType = "com.apple.product-type.application";
		};
		C599B3B12E23BF3D00697B2D /* CinemaLogTests */ = {
			isa = PBXNativeTarget;
			buildConfigurationList = C599B3CA2E23BF3D00697B2D /* Build configuration list for PBXNativeTarget "CinemaLogTests" */;
			buildPhases = (
				C599B3AE2E23BF3D00697B2D /* Sources */,
				C599B3AF2E23BF3D00697B2D /* Frameworks */,
				C599B3B02E23BF3D00697B2D /* Resources */,
			);
			buildRules = (
			);
			dependencies = (
				C599B3B42E23BF3D00697B2D /* PBXTargetDependency */,
			);
			fileSystemSynchronizedGroups = (
				C599B3B52E23BF3D00697B2D /* CinemaLogTests */,
			);
			name = CinemaLogTests;
			packageProductDependencies = (
			);
			productName = CinemaLogTests;
			productReference = C599B3B22E23BF3D00697B2D /* CinemaLogTests.xctest */;
			productType = "com.apple.product-type.bundle.unit-test";
		};
		C599B3BB2E23BF3D00697B2D /* CinemaLogUITests */ = {
			isa = PBXNativeTarget;
			buildConfigurationList = C599B3CD2E23BF3D00697B2D /* Build configuration list for PBXNativeTarget "CinemaLogUITests" */;
			buildPhases = (
				C599B3B82E23BF3D00697B2D /* Sources */,
				C599B3B92E23BF3D00697B2D /* Frameworks */,
				C599B3BA2E23BF3D00697B2D /* Resources */,
			);
			buildRules = (
			);
			dependencies = (
				C599B3BE2E23BF3D00697B2D /* PBXTargetDependency */,
			);
			fileSystemSynchronizedGroups = (
				C599B3BF2E23BF3D00697B2D /* CinemaLogUITests */,
			);
			name = CinemaLogUITests;
			packageProductDependencies = (
			);
			productName = CinemaLogUITests;
			productReference = C599B3BC2E23BF3D00697B2D /* CinemaLogUITests.xctest */;
			productType = "com.apple.product-type.bundle.ui-testing";
		};
/* End PBXNativeTarget section */

/* Begin PBXProject section */
		C599B3992E23BF3900697B2D /* Project object */ = {
			isa = PBXProject;
			attributes = {
				BuildIndependentTargetsInParallel = 1;
				LastSwiftUpdateCheck = 1640;
				LastUpgradeCheck = 1640;
				TargetAttributes = {
					C599B3A02E23BF3900697B2D = {
						CreatedOnToolsVersion = 16.4;
					};
					C599B3B12E23BF3D00697B2D = {
						CreatedOnToolsVersion = 16.4;
						TestTargetID = C599B3A02E23BF3900697B2D;
					};
					C599B3BB2E23BF3D00697B2D = {
						CreatedOnToolsVersion = 16.4;
						TestTargetID = C599B3A02E23BF3900697B2D;
					};
				};
			};
			buildConfigurationList = C599B39C2E23BF3900697B2D /* Build configuration list for PBXProject "CinemaLog" */;
			developmentRegion = en;
			hasScannedForEncodings = 0;
			knownRegions = (
				en,
				Base,
			);
			mainGroup = C599B3982E23BF3900697B2D;
			minimizedProjectReferenceProxies = 1;
			preferredProjectObjectVersion = 77;
			productRefGroup = C599B3A22E23BF3900697B2D /* Products */;
			projectDirPath = "";
			projectRoot = "";
			targets = (
				C599B3A02E23BF3900697B2D /* CinemaLog */,
				C599B3B12E23BF3D00697B2D /* CinemaLogTests */,
				C599B3BB2E23BF3D00697B2D /* CinemaLogUITests */,
			);
		};
/* End PBXProject section */

/* Begin PBXResourcesBuildPhase section */
		C599B39F2E23BF3900697B2D /* Resources */ = {
			isa = PBXResourcesBuildPhase;
			buildActionMask = 2147483647;
			files = (
			);
			runOnlyForDeploymentPostprocessing = 0;
		};
		C599B3B02E23BF3D00697B2D /* Resources */ = {
			isa = PBXResourcesBuildPhase;
			buildActionMask = 2147483647;
			files = (
			);
			runOnlyForDeploymentPostprocessing = 0;
		};
		C599B3BA2E23BF3D00697B2D /* Resources */ = {
			isa = PBXResourcesBuildPhase;
			buildActionMask = 2147483647;
			files = (
			);
			runOnlyForDeploymentPostprocessing = 0;
		};
/* End PBXResourcesBuildPhase section */

/* Begin PBXSourcesBuildPhase section */
		C599B39D2E23BF3900697B2D /* Sources */ = {
			isa = PBXSourcesBuildPhase;
			buildActionMask = 2147483647;
			files = (
			);
			runOnlyForDeploymentPostprocessing = 0;
		};
		C599B3AE2E23BF3D00697B2D /* Sources */ = {
			isa = PBXSourcesBuildPhase;
			buildActionMask = 2147483647;
			files = (
			);
			runOnlyForDeploymentPostprocessing = 0;
		};
		C599B3B82E23BF3D00697B2D /* Sources */ = {
			isa = PBXSourcesBuildPhase;
			buildActionMask = 2147483647;
			files = (
			);
			runOnlyForDeploymentPostprocessing = 0;
		};
/* End PBXSourcesBuildPhase section */

/* Begin PBXTargetDependency section */
		C599B3B42E23BF3D00697B2D /* PBXTargetDependency */ = {
			isa = PBXTargetDependency;
			target = C599B3A02E23BF3900697B2D /* CinemaLog */;
			targetProxy = C599B3B32E23BF3D00697B2D /* PBXContainerItemProxy */;
		};
		C599B3BE2E23BF3D00697B2D /* PBXTargetDependency */ = {
			isa = PBXTargetDependency;
			target = C599B3A02E23BF3900697B2D /* CinemaLog */;
			targetProxy = C599B3BD2E23BF3D00697B2D /* PBXContainerItemProxy */;
		};
/* End PBXTargetDependency section */

/* Begin XCBuildConfiguration section */
		C599B3C62E23BF3D00697B2D /* Debug */ = {
			isa = XCBuildConfiguration;
			buildSettings = {
				ASSETCATALOG_COMPILER_APPICON_NAME = AppIcon;
				ASSETCATALOG_COMPILER_GLOBAL_ACCENT_COLOR_NAME = AccentColor;
				CODE_SIGN_ENTITLEMENTS = CinemaLog/CinemaLog.entitlements;
				CODE_SIGN_STYLE = Automatic;
				CURRENT_PROJECT_VERSION = 1;
				DEVELOPMENT_TEAM = QZV692V4J3;
				ENABLE_PREVIEWS = YES;
				GENERATE_INFOPLIST_FILE = YES;
				INFOPLIST_FILE = CinemaLog/Info.plist;
				INFOPLIST_KEY_UIApplicationSceneManifest_Generation = YES;
				INFOPLIST_KEY_UIApplicationSupportsIndirectInputEvents = YES;
				INFOPLIST_KEY_UILaunchScreen_Generation = YES;
				INFOPLIST_KEY_UISupportedInterfaceOrientations_iPad = "UIInterfaceOrientationPortrait UIInterfaceOrientationPortraitUpsideDown UIInterfaceOrientationLandscapeLeft UIInterfaceOrientationLandscapeRight";
				INFOPLIST_KEY_UISupportedInterfaceOrientations_iPhone = "UIInterfaceOrientationPortrait UIInterfaceOrientationLandscapeLeft UIInterfaceOrientationLandscapeRight";
				LD_RUNPATH_SEARCH_PATHS = (
					"$(inherited)",
					"@executable_path/Frameworks",
				);
				MARKETING_VERSION = 1.0;
				PRODUCT_BUNDLE_IDENTIFIER = me.solclarus.CinemaLog;
				PRODUCT_NAME = "$(TARGET_NAME)";
				SWIFT_EMIT_LOC_STRINGS = YES;
				SWIFT_VERSION = 5.0;
				TARGETED_DEVICE_FAMILY = "1,2";
			};
			name = Debug;
		};
		C599B3C72E23BF3D00697B2D /* Release */ = {
			isa = XCBuildConfiguration;
			buildSettings = {
				ASSETCATALOG_COMPILER_APPICON_NAME = AppIcon;
				ASSETCATALOG_COMPILER_GLOBAL_ACCENT_COLOR_NAME = AccentColor;
				CODE_SIGN_ENTITLEMENTS = CinemaLog/CinemaLog.entitlements;
				CODE_SIGN_STYLE = Automatic;
				CURRENT_PROJECT_VERSION = 1;
				DEVELOPMENT_TEAM = QZV692V4J3;
				ENABLE_PREVIEWS = YES;
				GENERATE_INFOPLIST_FILE = YES;
				INFOPLIST_FILE = CinemaLog/Info.plist;
				INFOPLIST_KEY_UIApplicationSceneManifest_Generation = YES;
				INFOPLIST_KEY_UIApplicationSupportsIndirectInputEvents = YES;
				INFOPLIST_KEY_UILaunchScreen_Generation = YES;
				INFOPLIST_KEY_UISupportedInterfaceOrientations_iPad = "UIInterfaceOrientationPortrait UIInterfaceOrientationPortraitUpsideDown UIInterfaceOrientationLandscapeLeft UIInterfaceOrientationLandscapeRight";
				INFOPLIST_KEY_UISupportedInterfaceOrientations_iPhone = "UIInterfaceOrientationPortrait UIInterfaceOrientationLandscapeLeft UIInterfaceOrientationLandscapeRight";
				LD_RUNPATH_SEARCH_PATHS = (
					"$(inherited)",
					"@executable_path/Frameworks",
				);
				MARKETING_VERSION = 1.0;
				PRODUCT_BUNDLE_IDENTIFIER = me.solclarus.CinemaLog;
				PRODUCT_NAME = "$(TARGET_NAME)";
				SWIFT_EMIT_LOC_STRINGS = YES;
				SWIFT_VERSION = 5.0;
				TARGETED_DEVICE_FAMILY = "1,2";
			};
			name = Release;
		};
		C599B3C82E23BF3D00697B2D /* Debug */ = {
			isa = XCBuildConfiguration;
			buildSettings = {
				ALWAYS_SEARCH_USER_PATHS = NO;
				ASSETCATALOG_COMPILER_GENERATE_SWIFT_ASSET_SYMBOL_EXTENSIONS = YES;
				CLANG_ANALYZER_NONNULL = YES;
				CLANG_ANALYZER_NUMBER_OBJECT_CONVERSION = YES_AGGRESSIVE;
				CLANG_CXX_LANGUAGE_STANDARD = "gnu++20";
				CLANG_ENABLE_MODULES = YES;
				CLANG_ENABLE_OBJC_ARC = YES;
				CLANG_ENABLE_OBJC_WEAK = YES;
				CLANG_WARN_BLOCK_CAPTURE_AUTORELEASING = YES;
				CLANG_WARN_BOOL_CONVERSION = YES;
				CLANG_WARN_COMMA = YES;
				CLANG_WARN_CONSTANT_CONVERSION = YES;
				CLANG_WARN_DEPRECATED_OBJC_IMPLEMENTATIONS = YES;
				CLANG_WARN_DIRECT_OBJC_ISA_USAGE = YES_ERROR;
				CLANG_WARN_DOCUMENTATION_COMMENTS = YES;
				CLANG_WARN_EMPTY_BODY = YES;
				CLANG_WARN_ENUM_CONVERSION = YES;
				CLANG_WARN_INFINITE_RECURSION = YES;
				CLANG_WARN_INT_CONVERSION = YES;
				CLANG_WARN_NON_LITERAL_NULL_CONVERSION = YES;
				CLANG_WARN_OBJC_IMPLICIT_RETAIN_SELF = YES;
				CLANG_WARN_OBJC_LITERAL_CONVERSION = YES;
				CLANG_WARN_OBJC_ROOT_CLASS = YES_ERROR;
				CLANG_WARN_QUOTED_INCLUDE_IN_FRAMEWORK_HEADER = YES;
				CLANG_WARN_RANGE_LOOP_ANALYSIS = YES;
				CLANG_WARN_STRICT_PROTOTYPES = YES;
				CLANG_WARN_SUSPICIOUS_MOVE = YES;
				CLANG_WARN_UNGUARDED_AVAILABILITY = YES_AGGRESSIVE;
				CLANG_WARN_UNREACHABLE_CODE = YES;
				CLANG_WARN__DUPLICATE_METHOD_MATCH = YES;
				COPY_PHASE_STRIP = NO;
				DEBUG_INFORMATION_FORMAT = dwarf;
				DEVELOPMENT_TEAM = QZV692V4J3;
				ENABLE_STRICT_OBJC_MSGSEND = YES;
				ENABLE_TESTABILITY = YES;
				ENABLE_USER_SCRIPT_SANDBOXING = YES;
				GCC_C_LANGUAGE_STANDARD = gnu17;
				GCC_DYNAMIC_NO_PIC = NO;
				GCC_NO_COMMON_BLOCKS = YES;
				GCC_OPTIMIZATION_LEVEL = 0;
				GCC_PREPROCESSOR_DEFINITIONS = (
					"DEBUG=1",
					"$(inherited)",
				);
				GCC_WARN_64_TO_32_BIT_CONVERSION = YES;
				GCC_WARN_ABOUT_RETURN_TYPE = YES_ERROR;
				GCC_WARN_UNDECLARED_SELECTOR = YES;
				GCC_WARN_UNINITIALIZED_AUTOS = YES_AGGRESSIVE;
				GCC_WARN_UNUSED_FUNCTION = YES;
				GCC_WARN_UNUSED_VARIABLE = YES;
				IPHONEOS_DEPLOYMENT_TARGET = 18.5;
				LOCALIZATION_PREFERS_STRING_CATALOGS = YES;
				MTL_ENABLE_DEBUG_INFO = INCLUDE_SOURCE;
				MTL_FAST_MATH = YES;
				ONLY_ACTIVE_ARCH = YES;
				SDKROOT = iphoneos;
				SWIFT_ACTIVE_COMPILATION_CONDITIONS = "DEBUG $(inherited)";
				SWIFT_OPTIMIZATION_LEVEL = "-Onone";
			};
			name = Debug;
		};
		C599B3C92E23BF3D00697B2D /* Release */ = {
			isa = XCBuildConfiguration;
			buildSettings = {
				ALWAYS_SEARCH_USER_PATHS = NO;
				ASSETCATALOG_COMPILER_GENERATE_SWIFT_ASSET_SYMBOL_EXTENSIONS = YES;
				CLANG_ANALYZER_NONNULL = YES;
				CLANG_ANALYZER_NUMBER_OBJECT_CONVERSION = YES_AGGRESSIVE;
				CLANG_CXX_LANGUAGE_STANDARD = "gnu++20";
				CLANG_ENABLE_MODULES = YES;
				CLANG_ENABLE_OBJC_ARC = YES;
				CLANG_ENABLE_OBJC_WEAK = YES;
				CLANG_WARN_BLOCK_CAPTURE_AUTORELEASING = YES;
				CLANG_WARN_BOOL_CONVERSION = YES;
				CLANG_WARN_COMMA = YES;
				CLANG_WARN_CONSTANT_CONVERSION = YES;
				CLANG_WARN_DEPRECATED_OBJC_IMPLEMENTATIONS = YES;
				CLANG_WARN_DIRECT_OBJC_ISA_USAGE = YES_ERROR;
				CLANG_WARN_DOCUMENTATION_COMMENTS = YES;
				CLANG_WARN_EMPTY_BODY = YES;
				CLANG_WARN_ENUM_CONVERSION = YES;
				CLANG_WARN_INFINITE_RECURSION = YES;
				CLANG_WARN_INT_CONVERSION = YES;
				CLANG_WARN_NON_LITERAL_NULL_CONVERSION = YES;
				CLANG_WARN_OBJC_IMPLICIT_RETAIN_SELF = YES;
				CLANG_WARN_OBJC_LITERAL_CONVERSION = YES;
				CLANG_WARN_OBJC_ROOT_CLASS = YES_ERROR;
				CLANG_WARN_QUOTED_INCLUDE_IN_FRAMEWORK_HEADER = YES;
				CLANG_WARN_RANGE_LOOP_ANALYSIS = YES;
				CLANG_WARN_STRICT_PROTOTYPES = YES;
				CLANG_WARN_SUSPICIOUS_MOVE = YES;
				CLANG_WARN_UNGUARDED_AVAILABILITY = YES_AGGRESSIVE;
				CLANG_WARN_UNREACHABLE_CODE = YES;
				CLANG_WARN__DUPLICATE_METHOD_MATCH = YES;
				COPY_PHASE_STRIP = NO;
				DEBUG_INFORMATION_FORMAT = "dwarf-with-dsym";
				DEVELOPMENT_TEAM = QZV692V4J3;
				ENABLE_NS_ASSERTIONS = NO;
				ENABLE_STRICT_OBJC_MSGSEND = YES;
				ENABLE_USER_SCRIPT_SANDBOXING = YES;
				GCC_C_LANGUAGE_STANDARD = gnu17;
				GCC_NO_COMMON_BLOCKS = YES;
				GCC_WARN_64_TO_32_BIT_CONVERSION = YES;
				GCC_WARN_ABOUT_RETURN_TYPE = YES_ERROR;
				GCC_WARN_UNDECLARED_SELECTOR = YES;
				GCC_WARN_UNINITIALIZED_AUTOS = YES_AGGRESSIVE;
				GCC_WARN_UNUSED_FUNCTION = YES;
				GCC_WARN_UNUSED_VARIABLE = YES;
				IPHONEOS_DEPLOYMENT_TARGET = 18.5;
				LOCALIZATION_PREFERS_STRING_CATALOGS = YES;
				MTL_ENABLE_DEBUG_INFO = NO;
				MTL_FAST_MATH = YES;
				SDKROOT = iphoneos;
				SWIFT_COMPILATION_MODE = wholemodule;
				VALIDATE_PRODUCT = YES;
			};
			name = Release;
		};
		C599B3CB2E23BF3D00697B2D /* Debug */ = {
			isa = XCBuildConfiguration;
			buildSettings = {
				BUNDLE_LOADER = "$(TEST_HOST)";
				CODE_SIGN_STYLE = Automatic;
				CURRENT_PROJECT_VERSION = 1;
				DEVELOPMENT_TEAM = QZV692V4J3;
				GENERATE_INFOPLIST_FILE = YES;
				IPHONEOS_DEPLOYMENT_TARGET = 18.5;
				MARKETING_VERSION = 1.0;
				PRODUCT_BUNDLE_IDENTIFIER = me.solclarus.CinemaLogTests;
				PRODUCT_NAME = "$(TARGET_NAME)";
				SWIFT_EMIT_LOC_STRINGS = NO;
				SWIFT_VERSION = 5.0;
				TARGETED_DEVICE_FAMILY = "1,2";
				TEST_HOST = "$(BUILT_PRODUCTS_DIR)/CinemaLog.app/$(BUNDLE_EXECUTABLE_FOLDER_PATH)/CinemaLog";
			};
			name = Debug;
		};
		C599B3CC2E23BF3D00697B2D /* Release */ = {
			isa = XCBuildConfiguration;
			buildSettings = {
				BUNDLE_LOADER = "$(TEST_HOST)";
				CODE_SIGN_STYLE = Automatic;
				CURRENT_PROJECT_VERSION = 1;
				DEVELOPMENT_TEAM = QZV692V4J3;
				GENERATE_INFOPLIST_FILE = YES;
				IPHONEOS_DEPLOYMENT_TARGET = 18.5;
				MARKETING_VERSION = 1.0;
				PRODUCT_BUNDLE_IDENTIFIER = me.solclarus.CinemaLogTests;
				PRODUCT_NAME = "$(TARGET_NAME)";
				SWIFT_EMIT_LOC_STRINGS = NO;
				SWIFT_VERSION = 5.0;
				TARGETED_DEVICE_FAMILY = "1,2";
				TEST_HOST = "$(BUILT_PRODUCTS_DIR)/CinemaLog.app/$(BUNDLE_EXECUTABLE_FOLDER_PATH)/CinemaLog";
			};
			name = Release;
		};
		C599B3CE2E23BF3D00697B2D /* Debug */ = {
			isa = XCBuildConfiguration;
			buildSettings = {
				CODE_SIGN_STYLE = Automatic;
				CURRENT_PROJECT_VERSION = 1;
				DEVELOPMENT_TEAM = QZV692V4J3;
				GENERATE_INFOPLIST_FILE = YES;
				MARKETING_VERSION = 1.0;
				PRODUCT_BUNDLE_IDENTIFIER = me.solclarus.CinemaLogUITests;
				PRODUCT_NAME = "$(TARGET_NAME)";
				SWIFT_EMIT_LOC_STRINGS = NO;
				SWIFT_VERSION = 5.0;
				TARGETED_DEVICE_FAMILY = "1,2";
				TEST_TARGET_NAME = CinemaLog;
			};
			name = Debug;
		};
		C599B3CF2E23BF3D00697B2D /* Release */ = {
			isa = XCBuildConfiguration;
			buildSettings = {
				CODE_SIGN_STYLE = Automatic;
				CURRENT_PROJECT_VERSION = 1;
				DEVELOPMENT_TEAM = QZV692V4J3;
				GENERATE_INFOPLIST_FILE = YES;
				MARKETING_VERSION = 1.0;
				PRODUCT_BUNDLE_IDENTIFIER = me.solclarus.CinemaLogUITests;
				PRODUCT_NAME = "$(TARGET_NAME)";
				SWIFT_EMIT_LOC_STRINGS = NO;
				SWIFT_VERSION = 5.0;
				TARGETED_DEVICE_FAMILY = "1,2";
				TEST_TARGET_NAME = CinemaLog;
			};
			name = Release;
		};
/* End XCBuildConfiguration section */

/* Begin XCConfigurationList section */
		C599B39C2E23BF3900697B2D /* Build configuration list for PBXProject "CinemaLog" */ = {
			isa = XCConfigurationList;
			buildConfigurations = (
				C599B3C82E23BF3D00697B2D /* Debug */,
				C599B3C92E23BF3D00697B2D /* Release */,
			);
			defaultConfigurationIsVisible = 0;
			defaultConfigurationName = Release;
		};
		C599B3C52E23BF3D00697B2D /* Build configuration list for PBXNativeTarget "CinemaLog" */ = {
			isa = XCConfigurationList;
			buildConfigurations = (
				C599B3C62E23BF3D00697B2D /* Debug */,
				C599B3C72E23BF3D00697B2D /* Release */,
			);
			defaultConfigurationIsVisible = 0;
			defaultConfigurationName = Release;
		};
		C599B3CA2E23BF3D00697B2D /* Build configuration list for PBXNativeTarget "CinemaLogTests" */ = {
			isa = XCConfigurationList;
			buildConfigurations = (
				C599B3CB2E23BF3D00697B2D /* Debug */,
				C599B3CC2E23BF3D00697B2D /* Release */,
			);
			defaultConfigurationIsVisible = 0;
			defaultConfigurationName = Release;
		};
		C599B3CD2E23BF3D00697B2D /* Build configuration list for PBXNativeTarget "CinemaLogUITests" */ = {
			isa = XCConfigurationList;
			buildConfigurations = (
				C599B3CE2E23BF3D00697B2D /* Debug */,
				C599B3CF2E23BF3D00697B2D /* Release */,
			);
			defaultConfigurationIsVisible = 0;
			defaultConfigurationName = Release;
		};
/* End XCConfigurationList section */
	};
	rootObject = C599B3992E23BF3900697B2D /* Project object */;
}
